{
    "_readme": [
        "This file locks the dependencies of your project to a known state",
        "Read more about it at http://getcomposer.org/doc/01-basic-usage.md#composer-lock-the-lock-file"
    ],
    "hash": "f195ff3bd512c2a67cee5b7da99cfbb1",
    "packages": [

    ],
    "packages-dev": [
        {
            "name": "symfony/property-access",
            "version": "v2.4.1",
            "target-dir": "Symfony/Component/PropertyAccess",
            "source": {
                "type": "git",
                "url": "https://github.com/symfony/PropertyAccess.git",
                "reference": "274951234150e303c83099a2429be6be35629fe9"
            },
            "dist": {
                "type": "zip",
                "url": "https://api.github.com/repos/symfony/PropertyAccess/zipball/274951234150e303c83099a2429be6be35629fe9",
                "reference": "274951234150e303c83099a2429be6be35629fe9",
                "shasum": ""
            },
            "require": {
                "php": ">=5.3.3"
            },
            "type": "library",
            "extra": {
                "branch-alias": {
                    "dev-master": "2.4-dev"
                }
            },
            "autoload": {
                "psr-0": {
                    "Symfony\\Component\\PropertyAccess\\": ""
                }
            },
            "notification-url": "https://packagist.org/downloads/",
            "license": [
                "MIT"
            ],
            "authors": [
                {
                    "name": "Fabien Potencier",
                    "email": "fabien@symfony.com"
                },
                {
                    "name": "Symfony Community",
                    "homepage": "http://symfony.com/contributors"
                }
            ],
            "description": "Symfony PropertyAccess Component",
            "homepage": "http://symfony.com",
            "keywords": [
                "access",
                "array",
                "extraction",
                "index",
                "injection",
                "object",
                "property",
                "property path",
                "reflection"
            ],
            "time": "2013-11-13 21:30:16"
        },
        {
            "name": "symfony/translation",
            "version": "v2.4.1",
            "target-dir": "Symfony/Component/Translation",
            "source": {
                "type": "git",
                "url": "https://github.com/symfony/Translation.git",
                "reference": "7f76dffd7eaf2c9a3a8f47649404c71440d18c8b"
            },
            "dist": {
                "type": "zip",
                "url": "https://api.github.com/repos/symfony/Translation/zipball/7f76dffd7eaf2c9a3a8f47649404c71440d18c8b",
                "reference": "7f76dffd7eaf2c9a3a8f47649404c71440d18c8b",
                "shasum": ""
            },
            "require": {
                "php": ">=5.3.3"
            },
            "require-dev": {
                "symfony/config": "~2.0",
                "symfony/yaml": "~2.2"
            },
            "suggest": {
                "symfony/config": "",
                "symfony/yaml": ""
            },
            "type": "library",
            "extra": {
                "branch-alias": {
                    "dev-master": "2.4-dev"
                }
            },
            "autoload": {
                "psr-0": {
                    "Symfony\\Component\\Translation\\": ""
                }
            },
            "notification-url": "https://packagist.org/downloads/",
            "license": [
                "MIT"
            ],
            "authors": [
                {
                    "name": "Fabien Potencier",
                    "email": "fabien@symfony.com"
                },
                {
                    "name": "Symfony Community",
                    "homepage": "http://symfony.com/contributors"
                }
            ],
            "description": "Symfony Translation Component",
            "homepage": "http://symfony.com",
            "time": "2013-12-31 13:43:26"
        },
        {
            "name": "symfony/validator",
            "version": "v2.4.1",
            "target-dir": "Symfony/Component/Validator",
            "source": {
                "type": "git",
                "url": "https://github.com/symfony/Validator.git",
                "reference": "7ea4e53f8d68bf3ae9cca28765d49d7930618730"
            },
            "dist": {
                "type": "zip",
                "url": "https://api.github.com/repos/symfony/Validator/zipball/7ea4e53f8d68bf3ae9cca28765d49d7930618730",
                "reference": "7ea4e53f8d68bf3ae9cca28765d49d7930618730",
                "shasum": ""
            },
            "require": {
                "php": ">=5.3.3",
                "symfony/property-access": "~2.2",
                "symfony/translation": "~2.0"
            },
            "require-dev": {
                "doctrine/annotations": "~1.0",
                "doctrine/cache": "~1.0",
                "symfony/config": "~2.2",
                "symfony/http-foundation": "~2.1",
                "symfony/intl": "~2.3",
                "symfony/yaml": "~2.0"
            },
            "suggest": {
                "doctrine/annotations": "For using the annotation mapping. You will also need doctrine/cache.",
                "doctrine/cache": "For using the default cached annotation reader",
                "symfony/config": "",
                "symfony/http-foundation": "",
                "symfony/intl": "",
                "symfony/yaml": ""
            },
            "type": "library",
            "extra": {
                "branch-alias": {
                    "dev-master": "2.4-dev"
                }
            },
            "autoload": {
                "psr-0": {
                    "Symfony\\Component\\Validator\\": ""
                }
            },
            "notification-url": "https://packagist.org/downloads/",
            "license": [
                "MIT"
            ],
            "authors": [
                {
                    "name": "Fabien Potencier",
                    "email": "fabien@symfony.com"
                },
                {
                    "name": "Symfony Community",
                    "homepage": "http://symfony.com/contributors"
                }
            ],
            "description": "Symfony Validator Component",
            "homepage": "http://symfony.com",
            "time": "2014-01-01 08:14:50"
        },
        {
            "name": "zendframework/zend-stdlib",
            "version": "2.2.5",
            "target-dir": "Zend/Stdlib",
            "source": {
                "type": "git",
                "url": "https://github.com/zendframework/Component_ZendStdlib.git",
                "reference": "f440ecfc828d61d620662a03987c8287e1e4801e"
            },
            "dist": {
                "type": "zip",
                "url": "https://packages.zendframework.com/composer/zendframework-zend-stdlib-f440ecfc828d61d620662a03987c8287e1e4801e-zip-7e3c9b.zip",
                "reference": "2.2.5",
                "shasum": "d142b30e831141bcf5ed77e0d3ebd9356afcf9ce"
            },
            "require": {
                "php": ">=5.3.3"
            },
            "suggest": {
                "zendframework/zend-eventmanager": "To support aggregate hydrator usage",
                "zendframework/zend-servicemanager": "To support hydrator plugin manager usage"
            },
            "type": "library",
            "extra": {
                "branch-alias": {
                    "dev-master": "2.2-dev",
                    "dev-develop": "2.3-dev"
                }
            },
            "autoload": {
                "psr-0": {
                    "Zend\\Stdlib\\": ""
                }
            },
            "license": [
                "BSD-3-Clause"
            ],
            "description": " ",
            "keywords": [
                "stdlib",
                "zf2"
            ],
            "support": {
                "source": "https://github.com/zendframework/Component_ZendStdlib/tree/release-2.2.5"
            },
            "time": "2013-10-20 06:00:20"
        },
        {
            "name": "zendframework/zend-validator",
            "version": "2.2.5",
            "target-dir": "Zend/Validator",
            "source": {
                "type": "git",
                "url": "https://github.com/zendframework/Component_ZendValidator.git",
                "reference": "8c23193a617a03dd7ee6c25049132c942f31ec28"
            },
            "dist": {
                "type": "zip",
                "url": "https://packages.zendframework.com/composer/zendframework-zend-validator-8c23193a617a03dd7ee6c25049132c942f31ec28-zip-134f25.zip",
                "reference": "2.2.5",
                "shasum": "055073c2ae695cc892e7e61e024868eac71a9e14"
            },
            "require": {
                "php": ">=5.3.3",
                "zendframework/zend-stdlib": "self.version"
            },
            "require-dev": {
                "zendframework/zend-filter": "self.version",
                "zendframework/zend-i18n": "self.version",
                "zendframework/zend-math": "self.version",
                "zendframework/zend-servicemanager": "self.version"
            },
            "suggest": {
                "zendframework/zend-db": "Zend\\Db component",
                "zendframework/zend-filter": "Zend\\Filter component, required by the Digits validator",
                "zendframework/zend-i18n": "Zend\\I18n component to allow translation of validation error messages as well as to use the various Date validators",
                "zendframework/zend-math": "Zend\\Math component",
                "zendframework/zend-resources": "Translations of validator messages",
                "zendframework/zend-servicemanager": "Zend\\ServiceManager component to allow using the ValidatorPluginManager and validator chains",
                "zendframework/zend-uri": "Zend\\Uri component, required by the Uri and Sitemap\\Loc validators"
            },
            "type": "library",
            "extra": {
                "branch-alias": {
                    "dev-master": "2.2-dev",
                    "dev-develop": "2.3-dev"
                }
            },
            "autoload": {
                "psr-0": {
                    "Zend\\Validator\\": ""
                }
            },
            "license": [
                "BSD-3-Clause"
            ],
            "description": "provides a set of commonly needed validators",
            "keywords": [
                "validator",
                "zf2"
            ],
            "support": {
                "source": "https://github.com/zendframework/Component_ZendValidator/tree/release-2.2.5"
            },
            "time": "2013-10-20 06:00:22"
        }
    ],
    "aliases": [

    ],
    "minimum-stability": "stable",
    "stability-flags": [

    ],
    "platform": [

    ],
    "platform-dev": [

    ]
}
